<?xml version="1.0" encoding="utf-8"?>
<Project ToolsVersion="4.0" xmlns="http://schemas.microsoft.com/developer/msbuild/2003">
  <ItemGroup>
    <Filter Include="ソース ファイル">
      <UniqueIdentifier>{4FC737F1-C7A5-4376-A066-2A32D752A2FF}</UniqueIdentifier>
      <Extensions>cpp;c;cc;cxx;def;odl;idl;hpj;bat;asm;asmx</Extensions>
    </Filter>
    <Filter Include="ソース ファイル\excel">
      <UniqueIdentifier>{d79c1576-da3c-429e-8257-0929deab27cf}</UniqueIdentifier>
    </Filter>
    <Filter Include="ソース ファイル\com">
      <UniqueIdentifier>{ab46330d-0b77-44ce-9665-46987b6b27c0}</UniqueIdentifier>
    </Filter>
    <Filter Include="ソース ファイル\command">
      <UniqueIdentifier>{3c3ba71c-4a2f-49e0-8aa7-2f2346e270b4}</UniqueIdentifier>
    </Filter>
    <Filter Include="ヘッダー ファイル">
      <UniqueIdentifier>{93995380-89BD-4b04-88EB-625FBE52EBFB}</UniqueIdentifier>
      <Extensions>h;hpp;hxx;hm;inl;inc;xsd</Extensions>
    </Filter>
    <Filter Include="ヘッダー ファイル\excel">
      <UniqueIdentifier>{4bf05bb6-fdea-4e90-b63c-f95413a1166e}</UniqueIdentifier>
    </Filter>
    <Filter Include="ヘッダー ファイル\com">
      <UniqueIdentifier>{cd47e1e0-50fb-49d7-8d5e-4ed09969f365}</UniqueIdentifier>
    </Filter>
    <Filter Include="ヘッダー ファイル\command">
      <UniqueIdentifier>{b825407e-c5cc-4a8a-ad50-2abfcbb57324}</UniqueIdentifier>
    </Filter>
    <Filter Include="リソース ファイル">
      <UniqueIdentifier>{67DA6AB6-F800-4c08-8B7A-83BB121AAD01}</UniqueIdentifier>
      <Extensions>rc;ico;cur;bmp;dlg;rc2;rct;bin;rgs;gif;jpg;jpeg;jpe;resx;tiff;tif;png;wav</Extensions>
    </Filter>
    <Filter Include="ソース ファイル\util">
      <UniqueIdentifier>{933d21e9-faee-4a5f-8764-b97b92608d37}</UniqueIdentifier>
    </Filter>
    <Filter Include="ヘッダー ファイル\util">
      <UniqueIdentifier>{2cea7a48-9c9e-4a98-b97e-c35aa1fc2e9e}</UniqueIdentifier>
    </Filter>
  </ItemGroup>
  <ItemGroup>
    <ClCompile Include="ProgressDlg.cpp">
      <Filter>ソース ファイル</Filter>
    </ClCompile>
    <ClCompile Include="stdafx.cpp">
      <Filter>ソース ファイル</Filter>
    </ClCompile>
    <ClCompile Include="SutStart.cpp">
      <Filter>ソース ファイル</Filter>
    </ClCompile>
    <ClCompile Include="SutStartDlg.cpp">
      <Filter>ソース ファイル</Filter>
    </ClCompile>
    <ClCompile Include="ExcelAddinRegistry.cpp">
      <Filter>ソース ファイル\excel</Filter>
    </ClCompile>
    <ClCompile Include="ExcelDispatchWrapper.cpp">
      <Filter>ソース ファイル\excel</Filter>
    </ClCompile>
    <ClCompile Include="ExcelInfoGetter.cpp">
      <Filter>ソース ファイル\excel</Filter>
    </ClCompile>
    <ClCompile Include="ExcelStartup.cpp">
      <Filter>ソース ファイル\excel</Filter>
    </ClCompile>
    <ClCompile Include="ComComponentRegister.cpp">
      <Filter>ソース ファイル\com</Filter>
    </ClCompile>
    <ClCompile Include="CommandExecutor.cpp">
      <Filter>ソース ファイル\command</Filter>
    </ClCompile>
    <ClCompile Include="CsvReader.cpp">
      <Filter>ソース ファイル\util</Filter>
    </ClCompile>
    <ClCompile Include="Common.cpp">
      <Filter>ソース ファイル\util</Filter>
    </ClCompile>
  </ItemGroup>
  <ItemGroup>
    <ClInclude Include="ProgressDlg.h">
      <Filter>ヘッダー ファイル</Filter>
    </ClInclude>
    <ClInclude Include="Resource.h">
      <Filter>ヘッダー ファイル</Filter>
    </ClInclude>
    <ClInclude Include="stdafx.h">
      <Filter>ヘッダー ファイル</Filter>
    </ClInclude>
    <ClInclude Include="SutStart.h">
      <Filter>ヘッダー ファイル</Filter>
    </ClInclude>
    <ClInclude Include="SutStartDlg.h">
      <Filter>ヘッダー ファイル</Filter>
    </ClInclude>
    <ClInclude Include="targetver.h">
      <Filter>ヘッダー ファイル</Filter>
    </ClInclude>
    <ClInclude Include="ExcelDispatchWrapper.h">
      <Filter>ヘッダー ファイル\excel</Filter>
    </ClInclude>
    <ClInclude Include="ExcelInfoGetter.h">
      <Filter>ヘッダー ファイル\excel</Filter>
    </ClInclude>
    <ClInclude Include="ExcelStartup.h">
      <Filter>ヘッダー ファイル\excel</Filter>
    </ClInclude>
    <ClInclude Include="ComComponentRegister.h">
      <Filter>ヘッダー ファイル\com</Filter>
    </ClInclude>
    <ClInclude Include="CommandExecutor.h">
      <Filter>ヘッダー ファイル\command</Filter>
    </ClInclude>
    <ClInclude Include="CsvReader.h">
      <Filter>ヘッダー ファイル\util</Filter>
    </ClInclude>
    <ClInclude Include="Common.h">
      <Filter>ヘッダー ファイル\util</Filter>
    </ClInclude>
    <ClInclude Include="ExcelAddinRegistry.h">
      <Filter>ヘッダー ファイル\excel</Filter>
    </ClInclude>
  </ItemGroup>
  <ItemGroup>
    <Image Include="res\SutStart.ico">
      <Filter>リソース ファイル</Filter>
    </Image>
    <Image Include="..\..\..\resource\image\sut_icon.bmp">
      <Filter>リソース ファイル</Filter>
    </Image>
  </ItemGroup>
  <ItemGroup>
    <ResourceCompile Include="SutStart.rc">
      <Filter>リソース ファイル</Filter>
    </ResourceCompile>
  </ItemGroup>
  <ItemGroup>
    <None Include="res\SutStart.rc2">
      <Filter>リソース ファイル</Filter>
    </None>
    <None Include="SutStart-Excel.prop" />
    <None Include="packages.config" />
  </ItemGroup>
  <ItemGroup>
    <Text Include="ReadMe.txt" />
  </ItemGroup>
</Project>